
Microsoft Visual Studio Solution File, Format Version 12.00
Project("{FAE04EC0-301F-11D3-BF4B-00C04F79EFBC}") = "BlogHelper9000", "BlogHelper9000\BlogHelper9000.csproj", "{E3E75BAD-85FB-4021-B6BE-BDFAE64408A0}"
EndProject
Project("{FAE04EC0-301F-11D3-BF4B-00C04F79EFBC}") = "BlogHelper9000.Tests", "BlogHelper9000.Tests\BlogHelper9000.Tests.csproj", "{4DD6D4E0-317A-4912-B50B-7FAD941D83AF}"
EndProject
Project("{2150E333-8FDC-42A3-9474-1A3956D46DE8}") = "Solution Files", "Solution Files", "{38DB5357-3840-497D-9456-0C12BD7AFD0F}"
	ProjectSection(SolutionItems) = preProject
		README.md = README.md
		build.cake = build.cake
	EndProjectSection
EndProject
Project("{FAE04EC0-301F-11D3-BF4B-00C04F79EFBC}") = "BlogHelper9000.Core", "BlogHelper9000.Core\BlogHelper9000.Core.csproj", "{8F26A03F-CA71-4261-81D5-F148A9A697ED}"
EndProject
Project("{FAE04EC0-301F-11D3-BF4B-00C04F79EFBC}") = "BlogHelper9000.Imaging", "BlogHelper9000.Imaging\BlogHelper9000.Imaging.csproj", "{0E53A11B-6D4B-4C9E-81F4-C7A0C9FDAA07}"
EndProject
Project("{FAE04EC0-301F-11D3-BF4B-00C04F79EFBC}") = "BlogHelper9000.TestHelpers", "BlogHelper9000.TestHelpers\BlogHelper9000.TestHelpers.csproj", "{1E8682BD-84DF-490C-B314-057934D70E05}"
EndProject
Project("{FAE04EC0-301F-11D3-BF4B-00C04F79EFBC}") = "BlogHelper9000.Nvim", "BlogHelper9000.Nvim\BlogHelper9000.Nvim.csproj", "{C2FF0BB4-DA02-42C4-9CB3-5D553434D066}"
EndProject
Project("{FAE04EC0-301F-11D3-BF4B-00C04F79EFBC}") = "BlogHelper9000.Nvim.Tests", "BlogHelper9000.Nvim.Tests\BlogHelper9000.Nvim.Tests.csproj", "{35D777D0-1B22-490A-AB90-62C40CB2163D}"
EndProject
Project("{FAE04EC0-301F-11D3-BF4B-00C04F79EFBC}") = "BlogHelper9000.Tui", "BlogHelper9000.Tui\BlogHelper9000.Tui.csproj", "{21ACB382-1B75-4F5F-83BC-CD0ED84B71BF}"
EndProject
Project("{FAE04EC0-301F-11D3-BF4B-00C04F79EFBC}") = "BlogHelper9000.Tui.Tests", "BlogHelper9000.Tui.Tests\BlogHelper9000.Tui.Tests.csproj", "{7141AD8D-822D-4E9F-992F-FFB157A5E542}"
EndProject
Project("{FAE04EC0-301F-11D3-BF4B-00C04F79EFBC}") = "BlogHelper9000.Mcp.Tests", "BlogHelper9000.Mcp.Tests\BlogHelper9000.Mcp.Tests.csproj", "{35B95EA9-BC19-4933-9D80-A2E22B81B3D2}"
EndProject
Project("{FAE04EC0-301F-11D3-BF4B-00C04F79EFBC}") = "BlogHelper9000.Mcp", "BlogHelper9000.Mcp\BlogHelper9000.Mcp.csproj", "{0081C7E5-16EA-456E-B6D8-20767E7B50DA}"
EndProject
Global
	GlobalSection(SolutionConfigurationPlatforms) = preSolution
		Debug|Any CPU = Debug|Any CPU
		Debug|x64 = Debug|x64
		Debug|x86 = Debug|x86
		Release|Any CPU = Release|Any CPU
		Release|x64 = Release|x64
		Release|x86 = Release|x86
	EndGlobalSection
	GlobalSection(ProjectConfigurationPlatforms) = postSolution
		{E3E75BAD-85FB-4021-B6BE-BDFAE64408A0}.Debug|Any CPU.ActiveCfg = Debug|Any CPU
		{E3E75BAD-85FB-4021-B6BE-BDFAE64408A0}.Debug|Any CPU.Build.0 = Debug|Any CPU
		{E3E75BAD-85FB-4021-B6BE-BDFAE64408A0}.Debug|x64.ActiveCfg = Debug|Any CPU
		{E3E75BAD-85FB-4021-B6BE-BDFAE64408A0}.Debug|x64.Build.0 = Debug|Any CPU
		{E3E75BAD-85FB-4021-B6BE-BDFAE64408A0}.Debug|x86.ActiveCfg = Debug|Any CPU
		{E3E75BAD-85FB-4021-B6BE-BDFAE64408A0}.Debug|x86.Build.0 = Debug|Any CPU
		{E3E75BAD-85FB-4021-B6BE-BDFAE64408A0}.Release|Any CPU.ActiveCfg = Release|Any CPU
		{E3E75BAD-85FB-4021-B6BE-BDFAE64408A0}.Release|Any CPU.Build.0 = Release|Any CPU
		{E3E75BAD-85FB-4021-B6BE-BDFAE64408A0}.Release|x64.ActiveCfg = Release|Any CPU
		{E3E75BAD-85FB-4021-B6BE-BDFAE64408A0}.Release|x64.Build.0 = Release|Any CPU
		{E3E75BAD-85FB-4021-B6BE-BDFAE64408A0}.Release|x86.ActiveCfg = Release|Any CPU
		{E3E75BAD-85FB-4021-B6BE-BDFAE64408A0}.Release|x86.Build.0 = Release|Any CPU
		{4DD6D4E0-317A-4912-B50B-7FAD941D83AF}.Debug|Any CPU.ActiveCfg = Debug|Any CPU
		{4DD6D4E0-317A-4912-B50B-7FAD941D83AF}.Debug|Any CPU.Build.0 = Debug|Any CPU
		{4DD6D4E0-317A-4912-B50B-7FAD941D83AF}.Debug|x64.ActiveCfg = Debug|Any CPU
		{4DD6D4E0-317A-4912-B50B-7FAD941D83AF}.Debug|x64.Build.0 = Debug|Any CPU
		{4DD6D4E0-317A-4912-B50B-7FAD941D83AF}.Debug|x86.ActiveCfg = Debug|Any CPU
		{4DD6D4E0-317A-4912-B50B-7FAD941D83AF}.Debug|x86.Build.0 = Debug|Any CPU
		{4DD6D4E0-317A-4912-B50B-7FAD941D83AF}.Release|Any CPU.ActiveCfg = Release|Any CPU
		{4DD6D4E0-317A-4912-B50B-7FAD941D83AF}.Release|Any CPU.Build.0 = Release|Any CPU
		{4DD6D4E0-317A-4912-B50B-7FAD941D83AF}.Release|x64.ActiveCfg = Release|Any CPU
		{4DD6D4E0-317A-4912-B50B-7FAD941D83AF}.Release|x64.Build.0 = Release|Any CPU
		{4DD6D4E0-317A-4912-B50B-7FAD941D83AF}.Release|x86.ActiveCfg = Release|Any CPU
		{4DD6D4E0-317A-4912-B50B-7FAD941D83AF}.Release|x86.Build.0 = Release|Any CPU
		{8F26A03F-CA71-4261-81D5-F148A9A697ED}.Debug|Any CPU.ActiveCfg = Debug|Any CPU
		{8F26A03F-CA71-4261-81D5-F148A9A697ED}.Debug|Any CPU.Build.0 = Debug|Any CPU
		{8F26A03F-CA71-4261-81D5-F148A9A697ED}.Debug|x64.ActiveCfg = Debug|Any CPU
		{8F26A03F-CA71-4261-81D5-F148A9A697ED}.Debug|x64.Build.0 = Debug|Any CPU
		{8F26A03F-CA71-4261-81D5-F148A9A697ED}.Debug|x86.ActiveCfg = Debug|Any CPU
		{8F26A03F-CA71-4261-81D5-F148A9A697ED}.Debug|x86.Build.0 = Debug|Any CPU
		{8F26A03F-CA71-4261-81D5-F148A9A697ED}.Release|Any CPU.ActiveCfg = Release|Any CPU
		{8F26A03F-CA71-4261-81D5-F148A9A697ED}.Release|Any CPU.Build.0 = Release|Any CPU
		{8F26A03F-CA71-4261-81D5-F148A9A697ED}.Release|x64.ActiveCfg = Release|Any CPU
		{8F26A03F-CA71-4261-81D5-F148A9A697ED}.Release|x64.Build.0 = Release|Any CPU
		{8F26A03F-CA71-4261-81D5-F148A9A697ED}.Release|x86.ActiveCfg = Release|Any CPU
		{8F26A03F-CA71-4261-81D5-F148A9A697ED}.Release|x86.Build.0 = Release|Any CPU
		{0E53A11B-6D4B-4C9E-81F4-C7A0C9FDAA07}.Debug|Any CPU.ActiveCfg = Debug|Any CPU
		{0E53A11B-6D4B-4C9E-81F4-C7A0C9FDAA07}.Debug|Any CPU.Build.0 = Debug|Any CPU
		{0E53A11B-6D4B-4C9E-81F4-C7A0C9FDAA07}.Debug|x64.ActiveCfg = Debug|Any CPU
		{0E53A11B-6D4B-4C9E-81F4-C7A0C9FDAA07}.Debug|x64.Build.0 = Debug|Any CPU
		{0E53A11B-6D4B-4C9E-81F4-C7A0C9FDAA07}.Debug|x86.ActiveCfg = Debug|Any CPU
		{0E53A11B-6D4B-4C9E-81F4-C7A0C9FDAA07}.Debug|x86.Build.0 = Debug|Any CPU
		{0E53A11B-6D4B-4C9E-81F4-C7A0C9FDAA07}.Release|Any CPU.ActiveCfg = Release|Any CPU
		{0E53A11B-6D4B-4C9E-81F4-C7A0C9FDAA07}.Release|Any CPU.Build.0 = Release|Any CPU
		{0E53A11B-6D4B-4C9E-81F4-C7A0C9FDAA07}.Release|x64.ActiveCfg = Release|Any CPU
		{0E53A11B-6D4B-4C9E-81F4-C7A0C9FDAA07}.Release|x64.Build.0 = Release|Any CPU
		{0E53A11B-6D4B-4C9E-81F4-C7A0C9FDAA07}.Release|x86.ActiveCfg = Release|Any CPU
		{0E53A11B-6D4B-4C9E-81F4-C7A0C9FDAA07}.Release|x86.Build.0 = Release|Any CPU
		{1E8682BD-84DF-490C-B314-057934D70E05}.Debug|Any CPU.ActiveCfg = Debug|Any CPU
		{1E8682BD-84DF-490C-B314-057934D70E05}.Debug|Any CPU.Build.0 = Debug|Any CPU
		{1E8682BD-84DF-490C-B314-057934D70E05}.Debug|x64.ActiveCfg = Debug|Any CPU
		{1E8682BD-84DF-490C-B314-057934D70E05}.Debug|x64.Build.0 = Debug|Any CPU
		{1E8682BD-84DF-490C-B314-057934D70E05}.Debug|x86.ActiveCfg = Debug|Any CPU
		{1E8682BD-84DF-490C-B314-057934D70E05}.Debug|x86.Build.0 = Debug|Any CPU
		{1E8682BD-84DF-490C-B314-057934D70E05}.Release|Any CPU.ActiveCfg = Release|Any CPU
		{1E8682BD-84DF-490C-B314-057934D70E05}.Release|Any CPU.Build.0 = Release|Any CPU
		{1E8682BD-84DF-490C-B314-057934D70E05}.Release|x64.ActiveCfg = Release|Any CPU
		{1E8682BD-84DF-490C-B314-057934D70E05}.Release|x64.Build.0 = Release|Any CPU
		{1E8682BD-84DF-490C-B314-057934D70E05}.Release|x86.ActiveCfg = Release|Any CPU
		{1E8682BD-84DF-490C-B314-057934D70E05}.Release|x86.Build.0 = Release|Any CPU
		{C2FF0BB4-DA02-42C4-9CB3-5D553434D066}.Debug|Any CPU.ActiveCfg = Debug|Any CPU
		{C2FF0BB4-DA02-42C4-9CB3-5D553434D066}.Debug|Any CPU.Build.0 = Debug|Any CPU
		{C2FF0BB4-DA02-42C4-9CB3-5D553434D066}.Debug|x64.ActiveCfg = Debug|Any CPU
		{C2FF0BB4-DA02-42C4-9CB3-5D553434D066}.Debug|x64.Build.0 = Debug|Any CPU
		{C2FF0BB4-DA02-42C4-9CB3-5D553434D066}.Debug|x86.ActiveCfg = Debug|Any CPU
		{C2FF0BB4-DA02-42C4-9CB3-5D553434D066}.Debug|x86.Build.0 = Debug|Any CPU
		{C2FF0BB4-DA02-42C4-9CB3-5D553434D066}.Release|Any CPU.ActiveCfg = Release|Any CPU
		{C2FF0BB4-DA02-42C4-9CB3-5D553434D066}.Release|Any CPU.Build.0 = Release|Any CPU
		{C2FF0BB4-DA02-42C4-9CB3-5D553434D066}.Release|x64.ActiveCfg = Release|Any CPU
		{C2FF0BB4-DA02-42C4-9CB3-5D553434D066}.Release|x64.Build.0 = Release|Any CPU
		{C2FF0BB4-DA02-42C4-9CB3-5D553434D066}.Release|x86.ActiveCfg = Release|Any CPU
		{C2FF0BB4-DA02-42C4-9CB3-5D553434D066}.Release|x86.Build.0 = Release|Any CPU
		{35D777D0-1B22-490A-AB90-62C40CB2163D}.Debug|Any CPU.ActiveCfg = Debug|Any CPU
		{35D777D0-1B22-490A-AB90-62C40CB2163D}.Debug|Any CPU.Build.0 = Debug|Any CPU
		{35D777D0-1B22-490A-AB90-62C40CB2163D}.Debug|x64.ActiveCfg = Debug|Any CPU
		{35D777D0-1B22-490A-AB90-62C40CB2163D}.Debug|x64.Build.0 = Debug|Any CPU
		{35D777D0-1B22-490A-AB90-62C40CB2163D}.Debug|x86.ActiveCfg = Debug|Any CPU
		{35D777D0-1B22-490A-AB90-62C40CB2163D}.Debug|x86.Build.0 = Debug|Any CPU
		{35D777D0-1B22-490A-AB90-62C40CB2163D}.Release|Any CPU.ActiveCfg = Release|Any CPU
		{35D777D0-1B22-490A-AB90-62C40CB2163D}.Release|Any CPU.Build.0 = Release|Any CPU
		{35D777D0-1B22-490A-AB90-62C40CB2163D}.Release|x64.ActiveCfg = Release|Any CPU
		{35D777D0-1B22-490A-AB90-62C40CB2163D}.Release|x64.Build.0 = Release|Any CPU
		{35D777D0-1B22-490A-AB90-62C40CB2163D}.Release|x86.ActiveCfg = Release|Any CPU
		{35D777D0-1B22-490A-AB90-62C40CB2163D}.Release|x86.Build.0 = Release|Any CPU
		{21ACB382-1B75-4F5F-83BC-CD0ED84B71BF}.Debug|Any CPU.ActiveCfg = Debug|Any CPU
		{21ACB382-1B75-4F5F-83BC-CD0ED84B71BF}.Debug|Any CPU.Build.0 = Debug|Any CPU
		{21ACB382-1B75-4F5F-83BC-CD0ED84B71BF}.Debug|x64.ActiveCfg = Debug|Any CPU
		{21ACB382-1B75-4F5F-83BC-CD0ED84B71BF}.Debug|x64.Build.0 = Debug|Any CPU
		{21ACB382-1B75-4F5F-83BC-CD0ED84B71BF}.Debug|x86.ActiveCfg = Debug|Any CPU
		{21ACB382-1B75-4F5F-83BC-CD0ED84B71BF}.Debug|x86.Build.0 = Debug|Any CPU
		{21ACB382-1B75-4F5F-83BC-CD0ED84B71BF}.Release|Any CPU.ActiveCfg = Release|Any CPU
		{21ACB382-1B75-4F5F-83BC-CD0ED84B71BF}.Release|Any CPU.Build.0 = Release|Any CPU
		{21ACB382-1B75-4F5F-83BC-CD0ED84B71BF}.Release|x64.ActiveCfg = Release|Any CPU
		{21ACB382-1B75-4F5F-83BC-CD0ED84B71BF}.Release|x64.Build.0 = Release|Any CPU
		{21ACB382-1B75-4F5F-83BC-CD0ED84B71BF}.Release|x86.ActiveCfg = Release|Any CPU
		{21ACB382-1B75-4F5F-83BC-CD0ED84B71BF}.Release|x86.Build.0 = Release|Any CPU
		{7141AD8D-822D-4E9F-992F-FFB157A5E542}.Debug|Any CPU.ActiveCfg = Debug|Any CPU
		{7141AD8D-822D-4E9F-992F-FFB157A5E542}.Debug|Any CPU.Build.0 = Debug|Any CPU
		{7141AD8D-822D-4E9F-992F-FFB157A5E542}.Debug|x64.ActiveCfg = Debug|Any CPU
		{7141AD8D-822D-4E9F-992F-FFB157A5E542}.Debug|x64.Build.0 = Debug|Any CPU
		{7141AD8D-822D-4E9F-992F-FFB157A5E542}.Debug|x86.ActiveCfg = Debug|Any CPU
		{7141AD8D-822D-4E9F-992F-FFB157A5E542}.Debug|x86.Build.0 = Debug|Any CPU
		{7141AD8D-822D-4E9F-992F-FFB157A5E542}.Release|Any CPU.ActiveCfg = Release|Any CPU
		{7141AD8D-822D-4E9F-992F-FFB157A5E542}.Release|Any CPU.Build.0 = Release|Any CPU
		{7141AD8D-822D-4E9F-992F-FFB157A5E542}.Release|x64.ActiveCfg = Release|Any CPU
		{7141AD8D-822D-4E9F-992F-FFB157A5E542}.Release|x64.Build.0 = Release|Any CPU
		{7141AD8D-822D-4E9F-992F-FFB157A5E542}.Release|x86.ActiveCfg = Release|Any CPU
		{7141AD8D-822D-4E9F-992F-FFB157A5E542}.Release|x86.Build.0 = Release|Any CPU
		{35B95EA9-BC19-4933-9D80-A2E22B81B3D2}.Debug|Any CPU.ActiveCfg = Debug|Any CPU
		{35B95EA9-BC19-4933-9D80-A2E22B81B3D2}.Debug|Any CPU.Build.0 = Debug|Any CPU
		{35B95EA9-BC19-4933-9D80-A2E22B81B3D2}.Debug|x64.ActiveCfg = Debug|Any CPU
		{35B95EA9-BC19-4933-9D80-A2E22B81B3D2}.Debug|x64.Build.0 = Debug|Any CPU
		{35B95EA9-BC19-4933-9D80-A2E22B81B3D2}.Debug|x86.ActiveCfg = Debug|Any CPU
		{35B95EA9-BC19-4933-9D80-A2E22B81B3D2}.Debug|x86.Build.0 = Debug|Any CPU
		{35B95EA9-BC19-4933-9D80-A2E22B81B3D2}.Release|Any CPU.ActiveCfg = Release|Any CPU
		{35B95EA9-BC19-4933-9D80-A2E22B81B3D2}.Release|Any CPU.Build.0 = Release|Any CPU
		{35B95EA9-BC19-4933-9D80-A2E22B81B3D2}.Release|x64.ActiveCfg = Release|Any CPU
		{35B95EA9-BC19-4933-9D80-A2E22B81B3D2}.Release|x64.Build.0 = Release|Any CPU
		{35B95EA9-BC19-4933-9D80-A2E22B81B3D2}.Release|x86.ActiveCfg = Release|Any CPU
		{35B95EA9-BC19-4933-9D80-A2E22B81B3D2}.Release|x86.Build.0 = Release|Any CPU
		{0081C7E5-16EA-456E-B6D8-20767E7B50DA}.Debug|Any CPU.ActiveCfg = Debug|Any CPU
		{0081C7E5-16EA-456E-B6D8-20767E7B50DA}.Debug|Any CPU.Build.0 = Debug|Any CPU
		{0081C7E5-16EA-456E-B6D8-20767E7B50DA}.Debug|x64.ActiveCfg = Debug|Any CPU
		{0081C7E5-16EA-456E-B6D8-20767E7B50DA}.Debug|x64.Build.0 = Debug|Any CPU
		{0081C7E5-16EA-456E-B6D8-20767E7B50DA}.Debug|x86.ActiveCfg = Debug|Any CPU
		{0081C7E5-16EA-456E-B6D8-20767E7B50DA}.Debug|x86.Build.0 = Debug|Any CPU
		{0081C7E5-16EA-456E-B6D8-20767E7B50DA}.Release|Any CPU.ActiveCfg = Release|Any CPU
		{0081C7E5-16EA-456E-B6D8-20767E7B50DA}.Release|Any CPU.Build.0 = Release|Any CPU
		{0081C7E5-16EA-456E-B6D8-20767E7B50DA}.Release|x64.ActiveCfg = Release|Any CPU
		{0081C7E5-16EA-456E-B6D8-20767E7B50DA}.Release|x64.Build.0 = Release|Any CPU
		{0081C7E5-16EA-456E-B6D8-20767E7B50DA}.Release|x86.ActiveCfg = Release|Any CPU
		{0081C7E5-16EA-456E-B6D8-20767E7B50DA}.Release|x86.Build.0 = Release|Any CPU
	EndGlobalSection
	GlobalSection(SolutionProperties) = preSolution
		HideSolutionNode = FALSE
	EndGlobalSection
EndGlobal
